
Microsoft Visual Studio Solution File, Format Version 12.00
# Visual Studio 2013
VisualStudioVersion = 12.0.30501.0
MinimumVisualStudioVersion = 10.0.40219.1
Project("{FAE04EC0-301F-11D3-BF4B-00C04F79EFBC}") = "Rejseplandk.Tests", "Rejseplandk.Tests\Rejseplandk.Tests.csproj", "{B2714234-28E2-4E24-B857-F82D411734B4}"
EndProject
Project("{FAE04EC0-301F-11D3-BF4B-00C04F79EFBC}") = "RestSuite", "RestSuite\RestSuite.csproj", "{420C25C1-2EA3-4E9B-A401-2EEDE5069E39}"
EndProject
Global
	GlobalSection(SolutionConfigurationPlatforms) = preSolution
		Debug|Any CPU = Debug|Any CPU
		Release|Any CPU = Release|Any CPU
	EndGlobalSection
	GlobalSection(ProjectConfigurationPlatforms) = postSolution
		{B2714234-28E2-4E24-B857-F82D411734B4}.Debug|Any CPU.ActiveCfg = Debug|Any CPU
		{B2714234-28E2-4E24-B857-F82D411734B4}.Debug|Any CPU.Build.0 = Debug|Any CPU
		{B2714234-28E2-4E24-B857-F82D411734B4}.Release|Any CPU.ActiveCfg = Release|Any CPU
		{B2714234-28E2-4E24-B857-F82D411734B4}.Release|Any CPU.Build.0 = Release|Any CPU
		{420C25C1-2EA3-4E9B-A401-2EEDE5069E39}.Debug|Any CPU.ActiveCfg = Debug|Any CPU
		{420C25C1-2EA3-4E9B-A401-2EEDE5069E39}.Debug|Any CPU.Build.0 = Debug|Any CPU
		{420C25C1-2EA3-4E9B-A401-2EEDE5069E39}.Release|Any CPU.ActiveCfg = Release|Any CPU
		{420C25C1-2EA3-4E9B-A401-2EEDE5069E39}.Release|Any CPU.Build.0 = Release|Any CPU
	EndGlobalSection
	GlobalSection(SolutionProperties) = preSolution
		HideSolutionNode = FALSE
	EndGlobalSection
EndGlobal
